{
    "name": "node-red-project",
    "version": "0.0.1",
    "lockfileVersion": 1,
    "requires": true,
    "dependencies": {
        "node-red-contrib-credentials": {
            "version": "0.2.1",
            "resolved": "https://registry.npmjs.org/node-red-contrib-credentials/-/node-red-contrib-credentials-0.2.1.tgz",
            "integrity": "sha512-fn82zQ2Tn/tsj/i634s+Oso2hEgMWC61lMU315cfwplURW+UIeZ5+dFCWOPYs4qlI2VUPW5qfzHPHg4OVjV/UQ=="
        },
        "node-red-contrib-throttle": {
            "version": "0.1.6",
            "resolved": "https://registry.npmjs.org/node-red-contrib-throttle/-/node-red-contrib-throttle-0.1.6.tgz",
            "integrity": "sha1-jo/gxEYJViMqkK5y3jy5xCG6hmk="
        }
    }
}
