https://github.com/thomasloven/lovelace-auto-entities.git:
  version: 360722d
  type: lovelace
https://github.com/maxwroc/battery-state-card.git:
  version: v3.2.1
  type: lovelace
  is_release: true
https://github.com/thomasloven/lovelace-card-tools.git:
  version: 477f3d4
  type: lovelace
https://github.com/kalkih/mini-graph-card.git:
  version: v0.13.0
  type: lovelace
  is_release: true
https://github.com/custom-cards/secondaryinfo-entity-row.git:
  version: 2ea0f5d
  type: lovelace
https://github.com/azuwis/zigbee2mqtt-networkmap.git:
  version: v0.10.0
  type: lovelace
  is_release: true
https://github.com/kalkih/mini-media-player.git:
  version: v1.16.9
  type: lovelace
  is_release: true
https://github.com/thomasloven/lovelace-card-mod:
  version: e29e341
  type: lovelace
https://github.com/matejdro/login_control.git:
  version: b15f725
  type: core
  components:
  - login_control
https://github.com/iMicknl/ha-nest-protect.git:
  version: d44e482
  type: core
  components:
  - nest_protect
https://github.com/thomasloven/lovelace-fold-entity-row.git:
  version: ec6d99e
  type: lovelace
https://github.com/denysdovhan/vacuum-card.git:
  version: v2.11.0
  type: lovelace
  is_release: true
https://github.com/bremor/bureau_of_meteorology.git:
  version: cf9ae3a
  type: core
  components:
  - bureau_of_meteorology
https://github.com/thomasloven/hass-browser_mod.git:
  version: cb7a9bf
  type: core
  components:
  - browser_mod
https://github.com/dummylabs/thewatchman.git:
  version: c9ccb0d
  type: core
  components:
  - watchman
https://github.com/greghesp/ha-bambulab.git:
  version: ac29089
  type: core
  components:
  - bambu_lab
https://github.com/frenck/spook.git:
  version: 1e1e957
  type: core
  components:
  - spook
https://github.com/alandtse/tesla.git:
  version: v3.25.0-1-gc6c6156
  type: core
  components:
  - tesla_custom
https://github.com/Tasshack/dreame-vacuum.git:
  version: v2.0.0b19
  type: core
  components:
  - dreame_vacuum
https://github.com/libdyson-wg/ha-dyson.git:
  version: dd12993
  type: core
  components:
  - dyson_local
https://github.com/Aleks130699/ha-fpp.git:
  version: bc374c3
  type: core
  components:
  - falcon_pi_player
https://github.com/simbaja/ha_gehome.git:
  version: 6528af6
  type: core
  components:
  - ge_home
https://github.com/flixlix/power-flow-card-plus.git:
  version: v0.2.5
  type: lovelace
  is_release: true
https://github.com/antontanderup/mediocre-hass-media-player-cards.git:
  version: v0.22.0
  type: lovelace
  is_release: true
https://github.com/BJReplay/ha-solcast-solar.git:
  version: f442520
  type: core
  components:
  - solcast_solar
https://github.com/Digital-Alchemy-TS/synapse-extension.git:
  version: v24.12.1-1-gf6a700b
  type: core
  components:
  - synapse
https://github.com/piitaya/lovelace-mushroom.git:
  version: v4.5.0
  type: lovelace
  is_release: true
https://github.com/modrzew/lovelace-temperature-map.git:
  version: v1.0.8
  type: lovelace
  is_release: true
https://github.com/AlexxIT/WebRTC.git:
  version: de1ccf0
  type: core
  components:
  - webrtc
https://github.com/andystewart999/ha_transportnsw.git:
  version: f0a1970
  type: core
  components:
  - ha_transportnsw
https://github.com/aukedejong/lovelace-windrose-card.git:
  version: v1.25.1
  type: lovelace
  is_release: true
https://github.com/alexpfau/calendar-card-pro.git:
  version: v3.1.0
  type: lovelace
  is_release: true
https://github.com/NemesisRE/kiosk-mode.git:
  version: v7.1.0-8-gf0ce340
  type: lovelace
https://github.com/bitnimble/hass-amber-electric.git:
  version: c446ab3
  type: core
  components:
  - amberelectric
https://github.com/agittins/bermuda.git:
  version: 0c4b0ca
  type: core
  components:
  - bermuda
