https://github.com/thomasloven/lovelace-auto-entities.git:
  version: af905a0
  type: lovelace
https://github.com/maxwroc/battery-state-card.git:
  version: v2.1.0
  type: lovelace
  is_release: true
https://github.com/thomasloven/lovelace-card-tools.git:
  version: 477f3d4
  type: lovelace
https://github.com/AitorDB/home-assistant-sun-card.git:
  version: v0.1.4
  type: lovelace
  is_release: true
https://github.com/kalkih/mini-graph-card.git:
  version: v0.10.0
  type: lovelace
  is_release: true
https://github.com/custom-cards/secondaryinfo-entity-row.git:
  version: 2ea0f5d
  type: lovelace
https://github.com/custom-cards/spotify-card.git:
  version: '4297715'
  type: lovelace
https://github.com/azuwis/zigbee2mqtt-networkmap.git:
  version: v0.7.0
  type: lovelace
  is_release: true
https://github.com/johnpdowling/custom_components.git:
  version: 6019dc0
  type: core
  components:
  - owntone
https://github.com/fondberg/spotcast.git:
  version: 0c6c505
  type: core
  components:
  - spotcast
https://github.com/jaruba/ha-samsungtv-tizen.git:
  version: c13be76
  type: core
  components:
  - samsungtv_tizen
https://github.com/shenxn/ha-dyson.git:
  version: '52017e9'
  type: core
  components:
  - dyson_local
https://github.com/nickw444/deebot-t8-hass.git:
  version: 4ae636b
  type: core
  components:
  - deebot_t8
https://github.com/kalkih/mini-media-player.git:
  version: v1.16.1
  type: lovelace
  is_release: true
https://github.com/thomasloven/lovelace-card-mod:
  version: 9748f1c
  type: lovelace
https://github.com/nickw444/tuya-home-assistant.git:
  version: v1.4.1-71-gacdd69f
  type: core
  components:
  - tuya_v2
https://github.com/nickw444/hass-custom-components:
  version: b6bf892
  type: core
  components:
  - calibrated_light
https://github.com/matejdro/login_control.git:
  version: ffec632
  type: core
  components:
  - login_control
