https://github.com/thomasloven/lovelace-auto-entities.git:
  version: cf68748
  type: lovelace
https://github.com/maxwroc/battery-state-card.git:
  version: v2.1.1
  type: lovelace
  is_release: true
https://github.com/thomasloven/lovelace-card-tools.git:
  version: 477f3d4
  type: lovelace
https://github.com/AitorDB/home-assistant-sun-card.git:
  version: v0.1.4
  type: lovelace
  is_release: true
https://github.com/kalkih/mini-graph-card.git:
  version: v0.11.0
  type: lovelace
  is_release: true
https://github.com/custom-cards/secondaryinfo-entity-row.git:
  version: 2ea0f5d
  type: lovelace
https://github.com/custom-cards/spotify-card.git:
  version: '4297715'
  type: lovelace
https://github.com/azuwis/zigbee2mqtt-networkmap.git:
  version: v0.7.0
  type: lovelace
  is_release: true
https://github.com/fondberg/spotcast.git:
  version: 02f4c90
  type: core
  components:
  - spotcast
https://github.com/jaruba/ha-samsungtv-tizen.git:
  version: 6a5c82c
  type: core
  components:
  - samsungtv_tizen
https://github.com/shenxn/ha-dyson.git:
  version: 43d5a1a
  type: core
  components:
  - dyson_local
https://github.com/nickw444/deebot-t8-hass.git:
  version: 89a3375
  type: core
  components:
  - deebot_t8
https://github.com/kalkih/mini-media-player.git:
  version: v1.16.4
  type: lovelace
  is_release: true
https://github.com/thomasloven/lovelace-card-mod:
  version: 06140ff
  type: lovelace
https://github.com/nickw444/tuya-home-assistant.git:
  version: v1.4.1-71-gacdd69f
  type: core
  components:
  - tuya_v2
https://github.com/nickw444/hass-custom-components:
  version: b6bf892
  type: core
  components:
  - calibrated_light
https://github.com/matejdro/login_control.git:
  version: ffec632
  type: core
  components:
  - login_control
https://github.com/iMicknl/ha-nest-protect.git:
  version: v0.3.11
  type: core
  components:
  - nest_protect
https://github.com/thomasloven/lovelace-fold-entity-row.git:
  version: 419ec48
  type: lovelace
https://github.com/DeebotUniverse/Deebot-4-Home-Assistant.git:
  version: 1.5.0
  type: core
  components:
  - deebot
https://github.com/denysdovhan/vacuum-card.git:
  version: v2.6.3
  type: lovelace
https://github.com/bremor/bureau_of_meteorology.git:
  version: aa31f32
  type: core
  components:
  - bureau_of_meteorology
https://github.com/thomasloven/hass-browser_mod.git:
  version: e57867a
  type: core
  components:
  - browser_mod
https://github.com/dummylabs/thewatchman.git:
  version: b633bae
  type: core
  components:
  - watchman
