{
    "_meta": {
        "hash": {
            "sha256": "bdfbaea7290690d16c4af59f2c84d3bc2e3fa8c3fb30cae70e0bd3768a7cc2a3"
        },
        "pipfile-spec": 6,
        "requires": {
            "python_version": "3.7"
        },
        "sources": [
            {
                "name": "pypi",
                "url": "https://pypi.org/simple",
                "verify_ssl": true
            }
        ]
    },
    "default": {
        "broadlink-remote-gen": {
            "editable": true,
            "path": "./blindkit/broadlink-remote-gen"
        },
        "click": {
            "hashes": [
                "sha256:2335065e6395b9e67ca716de5f7526736bfa6ceead690adf616d925bdc622b13",
                "sha256:5b94b49521f6456670fdb30cd82a4eca9412788a93fa6dd6df72c94d5a8ff2d7"
            ],
            "index": "pypi",
            "version": "==7.0"
        },
        "ruamel-yaml": {
            "hashes": [
                "sha256:0db639b1b2742dae666c6fc009b8d1931ef15c9276ef31c0673cc6dcf766cf40"
            ],
            "index": "pypi",
            "version": "==0.16.5"
        },
        "ruamel.yaml.clib": {
            "hashes": [
                "sha256:0bbe19d3e099f8ba384e1846e6b54f245f58aeec8700edbbf9abb87afa54fd82",
                "sha256:2f38024592613f3a8772bbc2904be027d9abf463518ba145f2d0c8e6da27009f",
                "sha256:44449b3764a3f75815eea8ae5930b98e8326be64a90b0f782747318f861abfe0",
                "sha256:5710be9a357801c31c1eaa37b9bc92d38176d785af5b2f0c9751385c5dc9659a",
                "sha256:5a089acb6833ed5f412e24cbe3e665683064c1429824d2819137b5ade54435c3",
                "sha256:6143386ddd61599ea081c012a69a16e5bdd7b3c6c231bd039534365a48940f30",
                "sha256:6726aaf851f5f9e4cbdd3e1e414bc700bdd39220e8bc386415fd41c87b1b53c2",
                "sha256:68fbc3b5d94d145a391452f886ae5fca240cb7e3ab6bd66e1a721507cdaac28a",
                "sha256:75ebddf99ba9e0b48f32b5bdcf9e5a2b84c017da9e0db7bf11995fa414aa09cd",
                "sha256:79948a6712baa686773a43906728e20932c923f7b2a91be7347993be2d745e55",
                "sha256:8a2dd8e8b08d369558cade05731172c4b5e2f4c5097762c6b352bd28fd9f9dc4",
                "sha256:c747acdb5e8c242ab2280df6f0c239e62838af4bee647031d96b3db2f9cefc04",
                "sha256:cadc8eecd27414dca30366b2535cb5e3f3b47b4e2d6be7a0b13e4e52e459ff9f",
                "sha256:cee86ecc893a6a8ecaa7c6a9c2d06f75f614176210d78a5f155f8e78d6989509",
                "sha256:e59af39e895aff28ee5f55515983cab3466d1a029c91c04db29da1c0f09cf333",
                "sha256:eee7ecd2eee648884fae6c51ae50c814acdcc5d6340dc96c970158aebcd25ac6",
                "sha256:ef8d4522d231cb9b29f6cdd0edc8faac9d9715c60dc7becbd6eb82c915a98e5b",
                "sha256:f504d45230cc9abf2810623b924ae048b224a90adb01f97db4e766cfdda8e6eb"
            ],
            "markers": "platform_python_implementation == 'CPython' and python_version < '3.8'",
            "version": "==0.1.2"
        }
    },
    "develop": {}
}
