# This file is autogenerated, do not edit; changes may be undone by the next 'dep ensure'.


[[projects]]
  name = "github.com/Sirupsen/logrus"
  packages = ["."]
  revision = "f006c2ac4710855cf0f916dd6b77acf6b048dc6e"
  version = "v1.0.3"

[[projects]]
  branch = "master"
  name = "github.com/agl/ed25519"
  packages = [".","edwards25519"]
  revision = "5312a61534124124185d41f09206b9fef1d88403"

[[projects]]
  branch = "master"
  name = "github.com/alecthomas/template"
  packages = [".","parse"]
  revision = "a0175ee3bccc567396460bf5acd36800cb10c49c"

[[projects]]
  branch = "master"
  name = "github.com/alecthomas/units"
  packages = ["."]
  revision = "2efee857e7cfd4f3d0138cc3cbb1b4966962b93a"

[[projects]]
  branch = "master"
  name = "github.com/brutella/dnssd"
  packages = [".","log"]
  revision = "ca9b207d0b6f17791e3286aea7b64fe5d788ba22"

[[projects]]
  branch = "master"
  name = "github.com/brutella/hc"
  packages = [".","accessory","characteristic","crypto","crypto/chacha20poly1305","crypto/curve25519","crypto/hkdf","db","event","hap","hap/controller","hap/data","hap/endpoint","hap/http","hap/pair","log","service","util"]
  revision = "a72fd1a6d77ddce137f152802a0b8d8e50afd514"

[[projects]]
  name = "github.com/eclipse/paho.mqtt.golang"
  packages = [".","packets"]
  revision = "aff15770515e3c57fc6109da73d42b0d46f7f483"
  version = "v1.1.0"

[[projects]]
  branch = "master"
  name = "github.com/gosexy/to"
  packages = ["."]
  revision = "c20e083e31230b84ffa23c5d2fb0bc55f5292681"

[[projects]]
  branch = "master"
  name = "github.com/miekg/dns"
  packages = [".","internal/socket"]
  revision = "822ae18e7187e1bbde923a37081f6c1b8e9ba68a"

[[projects]]
  name = "github.com/stianeikeland/go-rpio"
  packages = ["."]
  revision = "896db2ee1c7f95240dd6a09e56edf9cece107a34"
  version = "v3.0.0"

[[projects]]
  branch = "master"
  name = "github.com/tadglines/go-pkgs"
  packages = ["crypto/srp"]
  revision = "1f86682992f1a784aa7592b2be0ae80f194b2479"

[[projects]]
  branch = "master"
  name = "golang.org/x/crypto"
  packages = ["chacha20poly1305","chacha20poly1305/internal/chacha20","curve25519","hkdf","poly1305","ssh/terminal"]
  revision = "edd5e9b0879d13ee6970a50153d85b8fec9f7686"

[[projects]]
  branch = "master"
  name = "golang.org/x/net"
  packages = ["bpf","internal/iana","internal/socket","ipv4","ipv6","proxy","websocket"]
  revision = "cd69bc3fc700721b709c3a59e16e24c67b58f6ff"

[[projects]]
  branch = "master"
  name = "golang.org/x/sys"
  packages = ["unix","windows"]
  revision = "8dbc5d05d6edcc104950cc299a1ce6641235bc86"

[[projects]]
  name = "gopkg.in/alecthomas/kingpin.v2"
  packages = ["."]
  revision = "1087e65c9441605df944fb12c33f0fe7072d18ca"
  version = "v2.2.5"

[[projects]]
  branch = "v2"
  name = "gopkg.in/yaml.v2"
  packages = ["."]
  revision = "eb3733d160e74a9c7e442f435eb3bea458e1d19f"

[solve-meta]
  analyzer-name = "dep"
  analyzer-version = 1
  inputs-digest = "8f2e3607dcbae36415b87768dfccd8a52d32ed698fa5c2566ba25c106adb2beb"
  solver-name = "gps-cdcl"
  solver-version = 1
