{
    "_meta": {
        "hash": {
            "sha256": "c6abc5dab169a0f8364d14f98b2a3a3f33f04b19639064e55d0b35a2ea08f2d7"
        },
        "host-environment-markers": {
            "implementation_name": "cpython",
            "implementation_version": "3.6.4",
            "os_name": "posix",
            "platform_machine": "x86_64",
            "platform_python_implementation": "CPython",
            "platform_release": "17.4.0",
            "platform_system": "Darwin",
            "platform_version": "Darwin Kernel Version 17.4.0: Sun Dec 17 09:19:54 PST 2017; root:xnu-4570.41.2~1/RELEASE_X86_64",
            "python_full_version": "3.6.4",
            "python_version": "3.6",
            "sys_platform": "darwin"
        },
        "pipfile-spec": 6,
        "requires": {},
        "sources": [
            {
                "name": "pypi",
                "url": "https://pypi.python.org/simple",
                "verify_ssl": true
            }
        ]
    },
    "default": {
        "aiohttp": {
            "hashes": [
                "sha256:35ecd993db827d59a67e6910ad29ee45e917b6d91e829936525e84e55a6ca9bf",
                "sha256:5dcbbc6984f50e0df08e7ac179dc4d7dd8e5d7dc7900023da020fbfc60269844",
                "sha256:71edcf411a0498bfd9ff6d556c00de74b7e6d6d73bafc021fb3f6c086ee7c6c7",
                "sha256:0f117efd1f4cb7c65a879e1763e444e67a6b46a9a6c643a9a39448c5848d8b45",
                "sha256:b7c8ef9fca5d3d017908c699da4f658a163706528bc4e7b03accb15f9021ff59",
                "sha256:1f6529ebaa5929d5bfe0855861d7eb1e29c7f826cb3a433d6e83d4cea9658f0d",
                "sha256:eb83473ac6f30413bd2ec5990f91b163fe08a8a65e767ed752da894676dd8fb7",
                "sha256:998fd59943b9f8a84e3097fef71fd1059c3a7c0584c4fd0f3f8f44dabdea2ed4",
                "sha256:26405ca327865dbc6e5b9be19c5286732c0cecb48bf48219b9805c297fe37358",
                "sha256:8b780fc6230c5c412fcb77a1574af370e55f85765fa8fc7fa5450cba4353b29d",
                "sha256:0c4bd9553116254c53077ff79fb80bf4abbadcbec049c7a3d3c145402dca55b4",
                "sha256:a390b660e1a8b11dcf806468b1d4867808123c57d2c367985b9a1625b7ce2834",
                "sha256:c81dfb439db6273041923d447e809a1260aa5e03ec0f47fdbae6a873fda6af3b",
                "sha256:1e2fd151d53e203d5269bfd5adae477de3737d970abeae848b3fc9a5da1a8ff0",
                "sha256:281a9fa56b5ce587a2147ec285d18a224942f7e020581afa6cc44d7caecf937b"
            ],
            "version": "==3.0.9"
        },
        "astral": {
            "hashes": [
                "sha256:cda558148d55d31018e7bd4ad1b67902b76426fc4fd1a261e2475c53fbea4522",
                "sha256:874b397ddbf0a4c1d8d644b21c2481e8a96b61343f820ad52d8a322d61a15083"
            ],
            "version": "==1.6"
        },
        "async-timeout": {
            "hashes": [
                "sha256:9093db5b8ddbe4b8f6885d1a6e0ad84ae3155464cbf6877c387605244c285f3c",
                "sha256:00cff4d2dce744607335cba84e9929c3165632da2d27970dbc55802a0c7873d0"
            ],
            "version": "==2.0.1"
        },
        "attrs": {
            "hashes": [
                "sha256:a17a9573a6f475c99b551c0e0a812707ddda1ec9653bed04c13841404ed6f450",
                "sha256:1c7960ccfd6a005cd9f7ba884e6316b5e430a3f1a6c37c5f87d8b43f83b54ec9"
            ],
            "version": "==17.4.0"
        },
        "certifi": {
            "hashes": [
                "sha256:14131608ad2fd56836d33a71ee60fa1c82bc9d2c8d98b7bdbc631fe1b3cd1296",
                "sha256:edbc3f203427eef571f79a7692bb160a2b0f7ccaa31953e99bd17e307cf63f7d"
            ],
            "version": "==2018.1.18"
        },
        "chardet": {
            "hashes": [
                "sha256:fc323ffcaeaed0e0a02bf4d117757b98aed530d9ed4531e3e15460124c106691",
                "sha256:84ab92ed1c4d4f16916e05906b6b75a6c0fb5db821cc65e70cbd64a3e2a5eaae"
            ],
            "version": "==3.0.4"
        },
        "homeassistant": {
            "hashes": [
                "sha256:f2144e0df35c3781cb73ecac76b90821a407ee3236e33a8c777d6e916da034ae",
                "sha256:f9ed069a62385f0626c474e9f4cf79fb18239efab9311bf429a0ee69e97d347d"
            ],
            "version": "==0.66.1"
        },
        "idna": {
            "hashes": [
                "sha256:8c7309c718f94b3a625cb648ace320157ad16ff131ae0af362c9f21b80ef6ec4",
                "sha256:2c6a5de3089009e3da7c5dde64a141dbc8551d5b7f6cf4ed7c2568d0cc520a8f"
            ],
            "version": "==2.6"
        },
        "idna-ssl": {
            "hashes": [
                "sha256:1293f030bc608e9aa9cdee72aa93c1521bbb9c7698068c61c9ada6772162b979"
            ],
            "version": "==1.0.1"
        },
        "jinja2": {
            "hashes": [
                "sha256:74c935a1b8bb9a3947c50a54766a969d4846290e1e788ea44c1392163723c3bd",
                "sha256:f84be1bb0040caca4cea721fcbbbbd61f9be9464ca236387158b0feea01914a4"
            ],
            "version": "==2.10"
        },
        "markupsafe": {
            "hashes": [
                "sha256:a6be69091dac236ea9c6bc7d012beab42010fa914c459791d627dad4910eb665"
            ],
            "version": "==1.0"
        },
        "multidict": {
            "hashes": [
                "sha256:0fd4d255adcbab3341d64a2fff5acce23409e57bb94e626485dea3db70ddc35e",
                "sha256:93f1af99bbe75c854370460a60823d6726f9af2196818a64346000d02e074ed7",
                "sha256:65546242d0c481c0daf0ef20c1be81c075fb763c5f4346f18f748b422fc40f32",
                "sha256:0462372fc74e4c061335118a4a5992b9a618d6c584b028ef03cf3e9b88a960e2",
                "sha256:63663541d395ffe4d51a3c021467d0a7b46c965b63fa1646cb46e2e2f1f36415",
                "sha256:84a1cb5320f1494cd444ca3bd09ddba2e0af0cb210f9263bcf17357ab22671a1",
                "sha256:241c11614f64535e213ea143efa8b7e598793256601fc795e77075bdfa54f5d6",
                "sha256:ea8a18ea02bf84981ec93faded773a866554666f13955c92139127892c4bb45c",
                "sha256:b46ec31bb7729eaa678a3bb1c999460902df1e295fcc093b9aa5f2c7e68d5803",
                "sha256:608f7eef60e6558418d7da6551dd3d07ccc1290ecc85755d781bd8100322ea5b",
                "sha256:068e91060e3e211441b1a31f5e65de88fc346490e1fae583c35a75a5295c8ef7",
                "sha256:288e8f94fb6f586e7386c1f22c979ce3ec866ab23371fa8fef1dd526cd4dfde1",
                "sha256:503ae54582601b0ff647731fee5efcdff5db1f4da0350febb31b628236a5f0b5",
                "sha256:6d5f6f26f9025756035c473167b39c5a72e4e519a2286c9399d21f6682e4e5bc",
                "sha256:e13265feabb1fa26f9cd49cbafd9b5de70ad768093ddb092af477c9823f44f0e",
                "sha256:50de6f3786ba868ffb7d78d4bcacf0928321f9892366b2f4a0426bba644e3f25",
                "sha256:16c78b10e897a512aa34ab1969982e42246e53077ae903c1b334926e1ea832d1",
                "sha256:e04b5bf8581718cf84c1c60bda40221d926ceb06f942ebabfc3baf467a1e34be",
                "sha256:d99819e9e15e1295a31a757360cab65bc96162870f90c29432564bd8e8999aca",
                "sha256:cd172509bfc9144395204dd2c0eb305ae5e89f8ad1714ffd7d793607c53c3244",
                "sha256:3508bea4974ee30fabcf7c8852fca7d9d54d496eaa068bee8311e0ac4df4ade3",
                "sha256:fb4412490324705dcd2172baa8a3ea58ae23c5f982476805cad58ae929fe2a52"
            ],
            "version": "==4.1.0"
        },
        "pytz": {
            "hashes": [
                "sha256:ed6509d9af298b7995d69a440e2822288f2eca1681b8cce37673dbb10091e5fe",
                "sha256:f93ddcdd6342f94cea379c73cddb5724e0d6d0a1c91c9bdef364dc0368ba4fda",
                "sha256:61242a9abc626379574a166dc0e96a66cd7c3b27fc10868003fa210be4bff1c9",
                "sha256:ba18e6a243b3625513d85239b3e49055a2f0318466e0b8a92b8fb8ca7ccdf55f",
                "sha256:07edfc3d4d2705a20a6e99d97f0c4b61c800b8232dc1c04d87e8554f130148dd",
                "sha256:3a47ff71597f821cd84a162e71593004286e5be07a340fd462f0d33a760782b5",
                "sha256:5bd55c744e6feaa4d599a6cbd8228b4f8f9ba96de2c38d56f08e534b3c9edf0d",
                "sha256:887ab5e5b32e4d0c86efddd3d055c1f363cbaa583beb8da5e22d2fa2f64d51ef",
                "sha256:410bcd1d6409026fbaa65d9ed33bf6dd8b1e94a499e32168acfc7b332e4095c0"
            ],
            "version": "==2018.3"
        },
        "pyyaml": {
            "hashes": [
                "sha256:3262c96a1ca437e7e4763e2843746588a965426550f3797a79fca9c6199c431f",
                "sha256:16b20e970597e051997d90dc2cddc713a2876c47e3d92d59ee198700c5427736",
                "sha256:e863072cdf4c72eebf179342c94e6989c67185842d9997960b3e69290b2fa269",
                "sha256:bc6bced57f826ca7cb5125a10b23fd0f2fff3b7c4701d64c439a300ce665fff8",
                "sha256:c01b880ec30b5a6e6aa67b09a2fe3fb30473008c85cd6a67359a1b15ed6d83a4",
                "sha256:827dc04b8fa7d07c44de11fabbc888e627fa8293b695e0f99cb544fdfa1bf0d1",
                "sha256:592766c6303207a20efc445587778322d7f73b161bd994f227adaa341ba212ab",
                "sha256:5f84523c076ad14ff5e6c037fe1c89a7f73a3e04cf0377cb4d017014976433f3",
                "sha256:0c507b7f74b3d2dd4d1322ec8a94794927305ab4cebbe89cc47fe5e81541e6e8",
                "sha256:b4c423ab23291d3945ac61346feeb9a0dc4184999ede5e7c43e1ffb975130ae6",
                "sha256:ca233c64c6e40eaa6c66ef97058cdc80e8d0157a443655baa1b2966e812807ca",
                "sha256:4474f8ea030b5127225b8894d626bb66c01cda098d47a2b0d3429b6700af9fd8",
                "sha256:326420cbb492172dec84b0f65c80942de6cedb5233c413dd824483989c000608",
                "sha256:5ac82e411044fb129bae5cfbeb3ba626acb2af31a8d17d175004b70862a741a7"
            ],
            "version": "==3.12"
        },
        "requests": {
            "hashes": [
                "sha256:6a1b267aa90cac58ac3a765d067950e7dbbf75b1da07e895d1f594193a40a38b",
                "sha256:9c443e7324ba5b85070c4a818ade28bfabedf16ea10206da1132edaa6dda237e"
            ],
            "version": "==2.18.4"
        },
        "ruamel.yaml": {
            "hashes": [
                "sha256:e4d53f6a0c21d8effc23371927e8569096d0364d7c703b2e6956c6281b6bde2c",
                "sha256:4b1929101d09612e0c7a42fbe06b0f929a4a89e1d14832353c1eb073580d3ba6",
                "sha256:181699cc08b157ef8a59a77e96a01b5ffa150044ed4e49fd98428ab9ac0e6ed9",
                "sha256:b6bc5f434d72a672dbe48471e70771789d5d93603716c9e36963fe1dc7a35718",
                "sha256:6932e1ad63c805a41665a94e5d7b70808e9e25943f72afba6d327fede2aeb43d",
                "sha256:dc051cd1fe541e321f6846bddba8e2c0de8ca409d51a6d9917c7b970d8d89a3d",
                "sha256:656dcd3d30774ffe252e46db96f4cf24b284d42c904b93f9cbe6b234028f7d2e",
                "sha256:039bb5b50a2f3b17c969ed1d381e050bca851e3c13fe8c2a9ad18f605ca111a5",
                "sha256:f5ef82b8efe378de6abb7042263d6f407b0760ad923ed477fa26007b1fa0e563",
                "sha256:cea830caa479ae083f51ffdb55fe430a2763e853a7b06195f203db6d28bf5264",
                "sha256:882cacb8af5f7009780da75041ef131d0ec80d9e0b81d3cf8d4b49a0a33fe6ef",
                "sha256:1d46053cb7acf0cd6b375e34abfb94f2e97c39269c17eb8b0226fe8a470c4ced",
                "sha256:2d1df676ac75fb5e0af7b91f7718a4b4f469a5d8ac4150edecc61f063283bbee",
                "sha256:759b485e8cda260bd87b7cdd2ad936a0ec359ee6154a9d856357446792b3faf5",
                "sha256:7afefe5dab4381393a2aa7ccb585ffd6080d52e7cd05f1df3788e9d0e4dfcea9",
                "sha256:766ee90985c667f77bf34950b1d945624c263ecb82d859961f78effb3355c946",
                "sha256:509842d96fb194f79b57483b76429f8956d8f7ade3cb49d1e5aeb5c5e9ef4918"
            ],
            "version": "==0.15.37"
        },
        "typing": {
            "hashes": [
                "sha256:b2c689d54e1144bbcfd191b0832980a21c2dbcf7b5ff7a66248a60c90e951eb8",
                "sha256:3a887b021a77b292e151afb75323dea88a7bc1b3dfa92176cff8e44c8b68bddf",
                "sha256:d400a9344254803a2368533e4533a4200d21eb7b6b729c173bc38201a74db3f2"
            ],
            "version": "==3.6.4"
        },
        "urllib3": {
            "hashes": [
                "sha256:06330f386d6e4b195fbfc736b297f58c5a892e4440e54d294d7004e3a9bbea1b",
                "sha256:cc44da8e1145637334317feebd728bd869a35285b93cbb4cca2577da7e62db4f"
            ],
            "version": "==1.22"
        },
        "voluptuous": {
            "hashes": [
                "sha256:6bbbe83a509d948230e9f921ba2e75173590be988eeb446dbe7a54268bef4da8",
                "sha256:af7315c9fa99e0bfd195a21106c82c81619b42f0bd9b6e287b797c6b6b6a9918"
            ],
            "version": "==0.11.1"
        },
        "yarl": {
            "hashes": [
                "sha256:d9ca55a5a297408f08e5401c23ad22bd9f580dab899212f0d5dc1830f0909404",
                "sha256:17e57a495efea42bcfca08b49e16c6d89e003acd54c99c903ea1cb3de0ba1248",
                "sha256:3353fae45d93cc3e7e41bfcb1b633acc37db821d368e660b03068dbfcf68f8c8",
                "sha256:51a084ff8756811101f8b5031a14d1c2dd26c666976e1b18579c6b1c8761a102",
                "sha256:045dbba18c9142278113d5dc62622978a6f718ba662392d406141c59b540c514",
                "sha256:213e8f54b4a942532d6ac32314c69a147d3b82fa1725ca05061b7c1a19a1d9b1",
                "sha256:7236eba4911a5556b497235828e7a4bc5d90957efa63b7c4b3e744d2d2cf1b94",
                "sha256:e9a6a319c4bbfb57618f207e86a7c519ab0f637be3d2366e4cdac271577834b8",
                "sha256:6e75753065c310befab71c5077a59b7cb638d2146b1cfbb1c3b8f08b51362714",
                "sha256:64727a2593fdba5d6ef69e94eba793a196deeda7152c7bd3a64edda6b1f95f6e",
                "sha256:5580f22ac1298261cd24e8e584180d83e2cca9a6167113466d2d16cb2aa1f7b1",
                "sha256:e072edbd1c5628c0b8f97d00cf6c9fcd6a4ee2b5ded10d463fcb6eaa066cf40c",
                "sha256:a69dd7e262cdb265ac7d5e929d55f2f3d07baaadd158c8f19caebf8dde08dfe8"
            ],
            "version": "==1.1.1"
        }
    },
    "develop": {}
}
