# This file is autogenerated, do not edit; changes may be undone by the next 'dep ensure'.


[[projects]]
  branch = "master"
  name = "github.com/agl/ed25519"
  packages = [".","edwards25519"]
  revision = "5312a61534124124185d41f09206b9fef1d88403"

[[projects]]
  branch = "nwhyte/update-mdns"
  name = "github.com/brutella/hc"
  packages = [".","accessory","characteristic","crypto","crypto/chacha20poly1305","crypto/curve25519","crypto/hkdf","db","event","hap","hap/controller","hap/data","hap/endpoint","hap/http","hap/pair","log","service","util"]
  revision = "298b9f1a838d4fb1338a40c71e2461768529998b"
  source = "github.com/nickw444/hc"

[[projects]]
  name = "github.com/cenkalti/backoff"
  packages = ["."]
  revision = "32cd0c5b3aef12c76ed64aaf678f6c79736be7dc"
  version = "v1.0.0"

[[projects]]
  branch = "master"
  name = "github.com/gosexy/to"
  packages = ["."]
  revision = "c20e083e31230b84ffa23c5d2fb0bc55f5292681"

[[projects]]
  name = "github.com/grandcat/zeroconf"
  packages = ["."]
  revision = "8ad40c89978a7b2102ff98743831bf5cdb454f9f"

[[projects]]
  branch = "master"
  name = "github.com/lunixbochs/struc"
  packages = ["."]
  revision = "ae5aa8161e35c822b55526833b1635764b740770"

[[projects]]
  branch = "master"
  name = "github.com/miekg/dns"
  packages = ["."]
  revision = "e4205768578dc90c2669e75a2f8a8bf77e3083a4"

[[projects]]
  name = "github.com/pdf/golifx"
  packages = [".","common","protocol","protocol/v2/device","protocol/v2/packet","protocol/v2/shared"]
  revision = "4ee2b5d88428ab591907d9498283dc9a7eab3e92"
  version = "v0.5.1"

[[projects]]
  name = "github.com/satori/go.uuid"
  packages = ["."]
  revision = "879c5887cd475cd7864858769793b2ceb0d44feb"
  version = "v1.1.0"

[[projects]]
  branch = "master"
  name = "github.com/tadglines/go-pkgs"
  packages = ["crypto/srp"]
  revision = "1f86682992f1a784aa7592b2be0ae80f194b2479"

[[projects]]
  branch = "master"
  name = "golang.org/x/crypto"
  packages = ["chacha20poly1305","chacha20poly1305/internal/chacha20","curve25519","hkdf","poly1305"]
  revision = "eb71ad9bd329b5ac0fd0148dd99bd62e8be8e035"

[[projects]]
  branch = "master"
  name = "golang.org/x/net"
  packages = ["bpf","internal/iana","internal/socket","ipv4","ipv6"]
  revision = "1c05540f6879653db88113bc4a2b70aec4bd491f"

[solve-meta]
  analyzer-name = "dep"
  analyzer-version = 1
  inputs-digest = "ca221b2449db700b95e6a33b89aabd57c6535829829b077d1cda3aaaf4403b52"
  solver-name = "gps-cdcl"
  solver-version = 1
