# This file is autogenerated, do not edit; changes may be undone by the next 'dep ensure'.


[[projects]]
  name = "github.com/Sirupsen/logrus"
  packages = ["."]
  revision = "f006c2ac4710855cf0f916dd6b77acf6b048dc6e"
  version = "v1.0.3"

[[projects]]
  branch = "master"
  name = "github.com/agl/ed25519"
  packages = [".","edwards25519"]
  revision = "5312a61534124124185d41f09206b9fef1d88403"

[[projects]]
  branch = "master"
  name = "github.com/alecthomas/template"
  packages = [".","parse"]
  revision = "a0175ee3bccc567396460bf5acd36800cb10c49c"

[[projects]]
  branch = "master"
  name = "github.com/alecthomas/units"
  packages = ["."]
  revision = "2efee857e7cfd4f3d0138cc3cbb1b4966962b93a"

[[projects]]
  branch = "nwhyte/update-mdns"
  name = "github.com/brutella/hc"
  packages = [".","accessory","characteristic","crypto","crypto/chacha20poly1305","crypto/curve25519","crypto/hkdf","db","event","hap","hap/controller","hap/data","hap/endpoint","hap/http","hap/pair","log","service","util"]
  revision = "298b9f1a838d4fb1338a40c71e2461768529998b"
  source = "github.com/nickw444/hc"

[[projects]]
  name = "github.com/cenkalti/backoff"
  packages = ["."]
  revision = "32cd0c5b3aef12c76ed64aaf678f6c79736be7dc"
  version = "v1.0.0"

[[projects]]
  branch = "master"
  name = "github.com/gosexy/to"
  packages = ["."]
  revision = "c20e083e31230b84ffa23c5d2fb0bc55f5292681"

[[projects]]
  name = "github.com/grandcat/zeroconf"
  packages = ["."]
  revision = "8ad40c89978a7b2102ff98743831bf5cdb454f9f"

[[projects]]
  branch = "master"
  name = "github.com/miekg/dns"
  packages = ["."]
  revision = "e4205768578dc90c2669e75a2f8a8bf77e3083a4"

[[projects]]
  branch = "master"
  name = "github.com/tadglines/go-pkgs"
  packages = ["crypto/srp"]
  revision = "1f86682992f1a784aa7592b2be0ae80f194b2479"

[[projects]]
  branch = "master"
  name = "golang.org/x/crypto"
  packages = ["chacha20poly1305","chacha20poly1305/internal/chacha20","curve25519","hkdf","poly1305","ssh/terminal"]
  revision = "eb71ad9bd329b5ac0fd0148dd99bd62e8be8e035"

[[projects]]
  branch = "master"
  name = "golang.org/x/net"
  packages = ["bpf","internal/iana","internal/socket","ipv4","ipv6"]
  revision = "1c05540f6879653db88113bc4a2b70aec4bd491f"

[[projects]]
  branch = "master"
  name = "golang.org/x/sys"
  packages = ["unix","windows"]
  revision = "43e60d72a8e2bd92ee98319ba9a384a0e9837c08"

[[projects]]
  name = "gopkg.in/alecthomas/kingpin.v2"
  packages = ["."]
  revision = "1087e65c9441605df944fb12c33f0fe7072d18ca"
  version = "v2.2.5"

[solve-meta]
  analyzer-name = "dep"
  analyzer-version = 1
  inputs-digest = "83329f36f625e1373d69a0f63e3c5ca714030657b9d1c8b9578551948615a2a0"
  solver-name = "gps-cdcl"
  solver-version = 1
